// !$*UTF8*$!
{
	archiveVersion = 1;
	classes = {
	};
	objectVersion = 56;
	objects = {

/* Begin PBXBuildFile section */
		EB787B0F2E306B730069BA72 /* git_forensics_apple_multiplatformApp.swift in Sources */ = {isa = PBXBuildFile; fileRef = EB787B0E2E306B730069BA72 /* git_forensics_apple_multiplatformApp.swift */; };
		EB787B112E306B730069BA72 /* ContentView.swift in Sources */ = {isa = PBXBuildFile; fileRef = EB787B102E306B730069BA72 /* ContentView.swift */; };
		EB787B132E306B740069BA72 /* Assets.xcassets in Resources */ = {isa = PBXBuildFile; fileRef = EB787B122E306B740069BA72 /* Assets.xcassets */; };
		EB787B172E306B740069BA72 /* Preview Assets.xcassets in Resources */ = {isa = PBXBuildFile; fileRef = EB787B162E306B740069BA72 /* Preview Assets.xcassets */; };
		EB787B212E306B740069BA72 /* git_forensics_apple_multiplatformTests.swift in Sources */ = {isa = PBXBuildFile; fileRef = EB787B202E306B740069BA72 /* git_forensics_apple_multiplatformTests.swift */; };
		EB787B2B2E306B740069BA72 /* git_forensics_apple_multiplatformUITests.swift in Sources */ = {isa = PBXBuildFile; fileRef = EB787B2A2E306B740069BA72 /* git_forensics_apple_multiplatformUITests.swift */; };
		EB787B2D2E306B740069BA72 /* git_forensics_apple_multiplatformUITestsLaunchTests.swift in Sources */ = {isa = PBXBuildFile; fileRef = EB787B2C2E306B740069BA72 /* git_forensics_apple_multiplatformUITestsLaunchTests.swift */; };
/* End PBXBuildFile section */

/* Begin PBXContainerItemProxy section */
		EB787B1D2E306B740069BA72 /* PBXContainerItemProxy */ = {
			isa = PBXContainerItemProxy;
			containerPortal = EB787B032E306B730069BA72 /* Project object */;
			proxyType = 1;
			remoteGlobalIDString = EB787B0A2E306B730069BA72;
			remoteInfo = "git-forensics-apple-multiplatform";
		};
		EB787B272E306B740069BA72 /* PBXContainerItemProxy */ = {
			isa = PBXContainerItemProxy;
			containerPortal = EB787B032E306B730069BA72 /* Project object */;
			proxyType = 1;
			remoteGlobalIDString = EB787B0A2E306B730069BA72;
			remoteInfo = "git-forensics-apple-multiplatform";
		};
/* End PBXContainerItemProxy section */

/* Begin PBXFileReference section */
		EB787B0B2E306B730069BA72 /* git-forensics-apple-multiplatform.app */ = {isa = PBXFileReference; explicitFileType = wrapper.application; includeInIndex = 0; path = "git-forensics-apple-multiplatform.app"; sourceTree = BUILT_PRODUCTS_DIR; };
		EB787B0E2E306B730069BA72 /* git_forensics_apple_multiplatformApp.swift */ = {isa = PBXFileReference; lastKnownFileType = sourcecode.swift; path = git_forensics_apple_multiplatformApp.swift; sourceTree = "<group>"; };
		EB787B102E306B730069BA72 /* ContentView.swift */ = {isa = PBXFileReference; lastKnownFileType = sourcecode.swift; path = ContentView.swift; sourceTree = "<group>"; };
		EB787B122E306B740069BA72 /* Assets.xcassets */ = {isa = PBXFileReference; lastKnownFileType = folder.assetcatalog; path = Assets.xcassets; sourceTree = "<group>"; };
		EB787B142E306B740069BA72 /* git_forensics_apple_multiplatform.entitlements */ = {isa = PBXFileReference; lastKnownFileType = text.plist.entitlements; path = git_forensics_apple_multiplatform.entitlements; sourceTree = "<group>"; };
		EB787B162E306B740069BA72 /* Preview Assets.xcassets */ = {isa = PBXFileReference; lastKnownFileType = folder.assetcatalog; path = "Preview Assets.xcassets"; sourceTree = "<group>"; };
		EB787B1C2E306B740069BA72 /* git-forensics-apple-multiplatformTests.xctest */ = {isa = PBXFileReference; explicitFileType = wrapper.cfbundle; includeInIndex = 0; path = "git-forensics-apple-multiplatformTests.xctest"; sourceTree = BUILT_PRODUCTS_DIR; };
		EB787B202E306B740069BA72 /* git_forensics_apple_multiplatformTests.swift */ = {isa = PBXFileReference; lastKnownFileType = sourcecode.swift; path = git_forensics_apple_multiplatformTests.swift; sourceTree = "<group>"; };
		EB787B262E306B740069BA72 /* git-forensics-apple-multiplatformUITests.xctest */ = {isa = PBXFileReference; explicitFileType = wrapper.cfbundle; includeInIndex = 0; path = "git-forensics-apple-multiplatformUITests.xctest"; sourceTree = BUILT_PRODUCTS_DIR; };
		EB787B2A2E306B740069BA72 /* git_forensics_apple_multiplatformUITests.swift */ = {isa = PBXFileReference; lastKnownFileType = sourcecode.swift; path = git_forensics_apple_multiplatformUITests.swift; sourceTree = "<group>"; };
		EB787B2C2E306B740069BA72 /* git_forensics_apple_multiplatformUITestsLaunchTests.swift */ = {isa = PBXFileReference; lastKnownFileType = sourcecode.swift; path = git_forensics_apple_multiplatformUITestsLaunchTests.swift; sourceTree = "<group>"; };
/* End PBXFileReference section */

/* Begin PBXFrameworksBuildPhase section */
		EB787B082E306B730069BA72 /* Frameworks */ = {
			isa = PBXFrameworksBuildPhase;
			buildActionMask = 2147483647;
			files = (
			);
			runOnlyForDeploymentPostprocessing = 0;
		};
		EB787B192E306B740069BA72 /* Frameworks */ = {
			isa = PBXFrameworksBuildPhase;
			buildActionMask = 2147483647;
			files = (
			);
			runOnlyForDeploymentPostprocessing = 0;
		};
		EB787B232E306B740069BA72 /* Frameworks */ = {
			isa = PBXFrameworksBuildPhase;
			buildActionMask = 2147483647;
			files = (
			);
			runOnlyForDeploymentPostprocessing = 0;
		};
/* End PBXFrameworksBuildPhase section */

/* Begin PBXGroup section */
		EB787B022E306B730069BA72 = {
			isa = PBXGroup;
			children = (
				EB787B0D2E306B730069BA72 /* git-forensics-apple-multiplatform */,
				EB787B1F2E306B740069BA72 /* git-forensics-apple-multiplatformTests */,
				EB787B292E306B740069BA72 /* git-forensics-apple-multiplatformUITests */,
				EB787B0C2E306B730069BA72 /* Products */,
			);
			sourceTree = "<group>";
		};
		EB787B0C2E306B730069BA72 /* Products */ = {
			isa = PBXGroup;
			children = (
				EB787B0B2E306B730069BA72 /* git-forensics-apple-multiplatform.app */,
				EB787B1C2E306B740069BA72 /* git-forensics-apple-multiplatformTests.xctest */,
				EB787B262E306B740069BA72 /* git-forensics-apple-multiplatformUITests.xctest */,
			);
			name = Products;
			sourceTree = "<group>";
		};
		EB787B0D2E306B730069BA72 /* git-forensics-apple-multiplatform */ = {
			isa = PBXGroup;
			children = (
				EB787B0E2E306B730069BA72 /* git_forensics_apple_multiplatformApp.swift */,
				EB787B102E306B730069BA72 /* ContentView.swift */,
				EB787B122E306B740069BA72 /* Assets.xcassets */,
				EB787B142E306B740069BA72 /* git_forensics_apple_multiplatform.entitlements */,
				EB787B152E306B740069BA72 /* Preview Content */,
			);
			path = "git-forensics-apple-multiplatform";
			sourceTree = "<group>";
		};
		EB787B152E306B740069BA72 /* Preview Content */ = {
			isa = PBXGroup;
			children = (
				EB787B162E306B740069BA72 /* Preview Assets.xcassets */,
			);
			path = "Preview Content";
			sourceTree = "<group>";
		};
		EB787B1F2E306B740069BA72 /* git-forensics-apple-multiplatformTests */ = {
			isa = PBXGroup;
			children = (
				EB787B202E306B740069BA72 /* git_forensics_apple_multiplatformTests.swift */,
			);
			path = "git-forensics-apple-multiplatformTests";
			sourceTree = "<group>";
		};
		EB787B292E306B740069BA72 /* git-forensics-apple-multiplatformUITests */ = {
			isa = PBXGroup;
			children = (
				EB787B2A2E306B740069BA72 /* git_forensics_apple_multiplatformUITests.swift */,
				EB787B2C2E306B740069BA72 /* git_forensics_apple_multiplatformUITestsLaunchTests.swift */,
			);
			path = "git-forensics-apple-multiplatformUITests";
			sourceTree = "<group>";
		};
/* End PBXGroup section */

/* Begin PBXNativeTarget section */
		EB787B0A2E306B730069BA72 /* git-forensics-apple-multiplatform */ = {
			isa = PBXNativeTarget;
			buildConfigurationList = EB787B302E306B740069BA72 /* Build configuration list for PBXNativeTarget "git-forensics-apple-multiplatform" */;
			buildPhases = (
				EB787B072E306B730069BA72 /* Sources */,
				EB787B082E306B730069BA72 /* Frameworks */,
				EB787B092E306B730069BA72 /* Resources */,
			);
			buildRules = (
			);
			dependencies = (
			);
			name = "git-forensics-apple-multiplatform";
			productName = "git-forensics-apple-multiplatform";
			productReference = EB787B0B2E306B730069BA72 /* git-forensics-apple-multiplatform.app */;
			productType = "com.apple.product-type.application";
		};
		EB787B1B2E306B740069BA72 /* git-forensics-apple-multiplatformTests */ = {
			isa = PBXNativeTarget;
			buildConfigurationList = EB787B332E306B740069BA72 /* Build configuration list for PBXNativeTarget "git-forensics-apple-multiplatformTests" */;
			buildPhases = (
				EB787B182E306B740069BA72 /* Sources */,
				EB787B192E306B740069BA72 /* Frameworks */,
				EB787B1A2E306B740069BA72 /* Resources */,
			);
			buildRules = (
			);
			dependencies = (
				EB787B1E2E306B740069BA72 /* PBXTargetDependency */,
			);
			name = "git-forensics-apple-multiplatformTests";
			productName = "git-forensics-apple-multiplatformTests";
			productReference = EB787B1C2E306B740069BA72 /* git-forensics-apple-multiplatformTests.xctest */;
			productType = "com.apple.product-type.bundle.unit-test";
		};
		EB787B252E306B740069BA72 /* git-forensics-apple-multiplatformUITests */ = {
			isa = PBXNativeTarget;
			buildConfigurationList = EB787B362E306B740069BA72 /* Build configuration list for PBXNativeTarget "git-forensics-apple-multiplatformUITests" */;
			buildPhases = (
				EB787B222E306B740069BA72 /* Sources */,
				EB787B232E306B740069BA72 /* Frameworks */,
				EB787B242E306B740069BA72 /* Resources */,
			);
			buildRules = (
			);
			dependencies = (
				EB787B282E306B740069BA72 /* PBXTargetDependency */,
			);
			name = "git-forensics-apple-multiplatformUITests";
			productName = "git-forensics-apple-multiplatformUITests";
			productReference = EB787B262E306B740069BA72 /* git-forensics-apple-multiplatformUITests.xctest */;
			productType = "com.apple.product-type.bundle.ui-testing";
		};
/* End PBXNativeTarget section */

/* Begin PBXProject section */
		EB787B032E306B730069BA72 /* Project object */ = {
			isa = PBXProject;
			attributes = {
				BuildIndependentTargetsInParallel = 1;
				LastSwiftUpdateCheck = 1540;
				LastUpgradeCheck = 1540;
				TargetAttributes = {
					EB787B0A2E306B730069BA72 = {
						CreatedOnToolsVersion = 15.4;
					};
					EB787B1B2E306B740069BA72 = {
						CreatedOnToolsVersion = 15.4;
						TestTargetID = EB787B0A2E306B730069BA72;
					};
					EB787B252E306B740069BA72 = {
						CreatedOnToolsVersion = 15.4;
						TestTargetID = EB787B0A2E306B730069BA72;
					};
				};
			};
			buildConfigurationList = EB787B062E306B730069BA72 /* Build configuration list for PBXProject "git-forensics-apple-multiplatform" */;
			compatibilityVersion = "Xcode 14.0";
			developmentRegion = en;
			hasScannedForEncodings = 0;
			knownRegions = (
				en,
				Base,
			);
			mainGroup = EB787B022E306B730069BA72;
			productRefGroup = EB787B0C2E306B730069BA72 /* Products */;
			projectDirPath = "";
			projectRoot = "";
			targets = (
				EB787B0A2E306B730069BA72 /* git-forensics-apple-multiplatform */,
				EB787B1B2E306B740069BA72 /* git-forensics-apple-multiplatformTests */,
				EB787B252E306B740069BA72 /* git-forensics-apple-multiplatformUITests */,
			);
		};
/* End PBXProject section */

/* Begin PBXResourcesBuildPhase section */
		EB787B092E306B730069BA72 /* Resources */ = {
			isa = PBXResourcesBuildPhase;
			buildActionMask = 2147483647;
			files = (
				EB787B172E306B740069BA72 /* Preview Assets.xcassets in Resources */,
				EB787B132E306B740069BA72 /* Assets.xcassets in Resources */,
			);
			runOnlyForDeploymentPostprocessing = 0;
		};
		EB787B1A2E306B740069BA72 /* Resources */ = {
			isa = PBXResourcesBuildPhase;
			buildActionMask = 2147483647;
			files = (
			);
			runOnlyForDeploymentPostprocessing = 0;
		};
		EB787B242E306B740069BA72 /* Resources */ = {
			isa = PBXResourcesBuildPhase;
			buildActionMask = 2147483647;
			files = (
			);
			runOnlyForDeploymentPostprocessing = 0;
		};
/* End PBXResourcesBuildPhase section */

/* Begin PBXSourcesBuildPhase section */
		EB787B072E306B730069BA72 /* Sources */ = {
			isa = PBXSourcesBuildPhase;
			buildActionMask = 2147483647;
			files = (
				EB787B112E306B730069BA72 /* ContentView.swift in Sources */,
				EB787B0F2E306B730069BA72 /* git_forensics_apple_multiplatformApp.swift in Sources */,
			);
			runOnlyForDeploymentPostprocessing = 0;
		};
		EB787B182E306B740069BA72 /* Sources */ = {
			isa = PBXSourcesBuildPhase;
			buildActionMask = 2147483647;
			files = (
				EB787B212E306B740069BA72 /* git_forensics_apple_multiplatformTests.swift in Sources */,
			);
			runOnlyForDeploymentPostprocessing = 0;
		};
		EB787B222E306B740069BA72 /* Sources */ = {
			isa = PBXSourcesBuildPhase;
			buildActionMask = 2147483647;
			files = (
				EB787B2D2E306B740069BA72 /* git_forensics_apple_multiplatformUITestsLaunchTests.swift in Sources */,
				EB787B2B2E306B740069BA72 /* git_forensics_apple_multiplatformUITests.swift in Sources */,
			);
			runOnlyForDeploymentPostprocessing = 0;
		};
/* End PBXSourcesBuildPhase section */

/* Begin PBXTargetDependency section */
		EB787B1E2E306B740069BA72 /* PBXTargetDependency */ = {
			isa = PBXTargetDependency;
			target = EB787B0A2E306B730069BA72 /* git-forensics-apple-multiplatform */;
			targetProxy = EB787B1D2E306B740069BA72 /* PBXContainerItemProxy */;
		};
		EB787B282E306B740069BA72 /* PBXTargetDependency */ = {
			isa = PBXTargetDependency;
			target = EB787B0A2E306B730069BA72 /* git-forensics-apple-multiplatform */;
			targetProxy = EB787B272E306B740069BA72 /* PBXContainerItemProxy */;
		};
/* End PBXTargetDependency section */

/* Begin XCBuildConfiguration section */
		EB787B2E2E306B740069BA72 /* Debug */ = {
			isa = XCBuildConfiguration;
			buildSettings = {
				ALWAYS_SEARCH_USER_PATHS = NO;
				ASSETCATALOG_COMPILER_GENERATE_SWIFT_ASSET_SYMBOL_EXTENSIONS = YES;
				CLANG_ANALYZER_NONNULL = YES;
				CLANG_ANALYZER_NUMBER_OBJECT_CONVERSION = YES_AGGRESSIVE;
				CLANG_CXX_LANGUAGE_STANDARD = "gnu++20";
				CLANG_ENABLE_MODULES = YES;
				CLANG_ENABLE_OBJC_ARC = YES;
				CLANG_ENABLE_OBJC_WEAK = YES;
				CLANG_WARN_BLOCK_CAPTURE_AUTORELEASING = YES;
				CLANG_WARN_BOOL_CONVERSION = YES;
				CLANG_WARN_COMMA = YES;
				CLANG_WARN_CONSTANT_CONVERSION = YES;
				CLANG_WARN_DEPRECATED_OBJC_IMPLEMENTATIONS = YES;
				CLANG_WARN_DIRECT_OBJC_ISA_USAGE = YES_ERROR;
				CLANG_WARN_DOCUMENTATION_COMMENTS = YES;
				CLANG_WARN_EMPTY_BODY = YES;
				CLANG_WARN_ENUM_CONVERSION = YES;
				CLANG_WARN_INFINITE_RECURSION = YES;
				CLANG_WARN_INT_CONVERSION = YES;
				CLANG_WARN_NON_LITERAL_NULL_CONVERSION = YES;
				CLANG_WARN_OBJC_IMPLICIT_RETAIN_SELF = YES;
				CLANG_WARN_OBJC_LITERAL_CONVERSION = YES;
				CLANG_WARN_OBJC_ROOT_CLASS = YES_ERROR;
				CLANG_WARN_QUOTED_INCLUDE_IN_FRAMEWORK_HEADER = YES;
				CLANG_WARN_RANGE_LOOP_ANALYSIS = YES;
				CLANG_WARN_STRICT_PROTOTYPES = YES;
				CLANG_WARN_SUSPICIOUS_MOVE = YES;
				CLANG_WARN_UNGUARDED_AVAILABILITY = YES_AGGRESSIVE;
				CLANG_WARN_UNREACHABLE_CODE = YES;
				CLANG_WARN__DUPLICATE_METHOD_MATCH = YES;
				COPY_PHASE_STRIP = NO;
				DEBUG_INFORMATION_FORMAT = dwarf;
				ENABLE_STRICT_OBJC_MSGSEND = YES;
				ENABLE_TESTABILITY = YES;
				ENABLE_USER_SCRIPT_SANDBOXING = YES;
				GCC_C_LANGUAGE_STANDARD = gnu17;
				GCC_DYNAMIC_NO_PIC = NO;
				GCC_NO_COMMON_BLOCKS = YES;
				GCC_OPTIMIZATION_LEVEL = 0;
				GCC_PREPROCESSOR_DEFINITIONS = (
					"DEBUG=1",
					"$(inherited)",
				);
				GCC_WARN_64_TO_32_BIT_CONVERSION = YES;
				GCC_WARN_ABOUT_RETURN_TYPE = YES_ERROR;
				GCC_WARN_UNDECLARED_SELECTOR = YES;
				GCC_WARN_UNINITIALIZED_AUTOS = YES_AGGRESSIVE;
				GCC_WARN_UNUSED_FUNCTION = YES;
				GCC_WARN_UNUSED_VARIABLE = YES;
				LOCALIZATION_PREFERS_STRING_CATALOGS = YES;
				MTL_ENABLE_DEBUG_INFO = INCLUDE_SOURCE;
				MTL_FAST_MATH = YES;
				ONLY_ACTIVE_ARCH = YES;
				SWIFT_ACTIVE_COMPILATION_CONDITIONS = "DEBUG $(inherited)";
				SWIFT_OPTIMIZATION_LEVEL = "-Onone";
			};
			name = Debug;
		};
		EB787B2F2E306B740069BA72 /* Release */ = {
			isa = XCBuildConfiguration;
			buildSettings = {
				ALWAYS_SEARCH_USER_PATHS = NO;
				ASSETCATALOG_COMPILER_GENERATE_SWIFT_ASSET_SYMBOL_EXTENSIONS = YES;
				CLANG_ANALYZER_NONNULL = YES;
				CLANG_ANALYZER_NUMBER_OBJECT_CONVERSION = YES_AGGRESSIVE;
				CLANG_CXX_LANGUAGE_STANDARD = "gnu++20";
				CLANG_ENABLE_MODULES = YES;
				CLANG_ENABLE_OBJC_ARC = YES;
				CLANG_ENABLE_OBJC_WEAK = YES;
				CLANG_WARN_BLOCK_CAPTURE_AUTORELEASING = YES;
				CLANG_WARN_BOOL_CONVERSION = YES;
				CLANG_WARN_COMMA = YES;
				CLANG_WARN_CONSTANT_CONVERSION = YES;
				CLANG_WARN_DEPRECATED_OBJC_IMPLEMENTATIONS = YES;
				CLANG_WARN_DIRECT_OBJC_ISA_USAGE = YES_ERROR;
				CLANG_WARN_DOCUMENTATION_COMMENTS = YES;
				CLANG_WARN_EMPTY_BODY = YES;
				CLANG_WARN_ENUM_CONVERSION = YES;
				CLANG_WARN_INFINITE_RECURSION = YES;
				CLANG_WARN_INT_CONVERSION = YES;
				CLANG_WARN_NON_LITERAL_NULL_CONVERSION = YES;
				CLANG_WARN_OBJC_IMPLICIT_RETAIN_SELF = YES;
				CLANG_WARN_OBJC_LITERAL_CONVERSION = YES;
				CLANG_WARN_OBJC_ROOT_CLASS = YES_ERROR;
				CLANG_WARN_QUOTED_INCLUDE_IN_FRAMEWORK_HEADER = YES;
				CLANG_WARN_RANGE_LOOP_ANALYSIS = YES;
				CLANG_WARN_STRICT_PROTOTYPES = YES;
				CLANG_WARN_SUSPICIOUS_MOVE = YES;
				CLANG_WARN_UNGUARDED_AVAILABILITY = YES_AGGRESSIVE;
				CLANG_WARN_UNREACHABLE_CODE = YES;
				CLANG_WARN__DUPLICATE_METHOD_MATCH = YES;
				COPY_PHASE_STRIP = NO;
				DEBUG_INFORMATION_FORMAT = "dwarf-with-dsym";
				ENABLE_NS_ASSERTIONS = NO;
				ENABLE_STRICT_OBJC_MSGSEND = YES;
				ENABLE_USER_SCRIPT_SANDBOXING = YES;
				GCC_C_LANGUAGE_STANDARD = gnu17;
				GCC_NO_COMMON_BLOCKS = YES;
				GCC_WARN_64_TO_32_BIT_CONVERSION = YES;
				GCC_WARN_ABOUT_RETURN_TYPE = YES_ERROR;
				GCC_WARN_UNDECLARED_SELECTOR = YES;
				GCC_WARN_UNINITIALIZED_AUTOS = YES_AGGRESSIVE;
				GCC_WARN_UNUSED_FUNCTION = YES;
				GCC_WARN_UNUSED_VARIABLE = YES;
				LOCALIZATION_PREFERS_STRING_CATALOGS = YES;
				MTL_ENABLE_DEBUG_INFO = NO;
				MTL_FAST_MATH = YES;
				SWIFT_COMPILATION_MODE = wholemodule;
			};
			name = Release;
		};
		EB787B312E306B740069BA72 /* Debug */ = {
			isa = XCBuildConfiguration;
			buildSettings = {
				ASSETCATALOG_COMPILER_APPICON_NAME = AppIcon;
				ASSETCATALOG_COMPILER_GLOBAL_ACCENT_COLOR_NAME = AccentColor;
				CODE_SIGN_ENTITLEMENTS = "git-forensics-apple-multiplatform/git_forensics_apple_multiplatform.entitlements";
				CODE_SIGN_STYLE = Automatic;
				CURRENT_PROJECT_VERSION = 1;
				DEVELOPMENT_ASSET_PATHS = "\"git-forensics-apple-multiplatform/Preview Content\"";
				ENABLE_PREVIEWS = YES;
				GENERATE_INFOPLIST_FILE = YES;
				"INFOPLIST_KEY_UIApplicationSceneManifest_Generation[sdk=iphoneos*]" = YES;
				"INFOPLIST_KEY_UIApplicationSceneManifest_Generation[sdk=iphonesimulator*]" = YES;
				"INFOPLIST_KEY_UIApplicationSupportsIndirectInputEvents[sdk=iphoneos*]" = YES;
				"INFOPLIST_KEY_UIApplicationSupportsIndirectInputEvents[sdk=iphonesimulator*]" = YES;
				"INFOPLIST_KEY_UILaunchScreen_Generation[sdk=iphoneos*]" = YES;
				"INFOPLIST_KEY_UILaunchScreen_Generation[sdk=iphonesimulator*]" = YES;
				"INFOPLIST_KEY_UIStatusBarStyle[sdk=iphoneos*]" = UIStatusBarStyleDefault;
				"INFOPLIST_KEY_UIStatusBarStyle[sdk=iphonesimulator*]" = UIStatusBarStyleDefault;
				INFOPLIST_KEY_UISupportedInterfaceOrientations_iPad = "UIInterfaceOrientationPortrait UIInterfaceOrientationPortraitUpsideDown UIInterfaceOrientationLandscapeLeft UIInterfaceOrientationLandscapeRight";
				INFOPLIST_KEY_UISupportedInterfaceOrientations_iPhone = "UIInterfaceOrientationPortrait UIInterfaceOrientationLandscapeLeft UIInterfaceOrientationLandscapeRight";
				IPHONEOS_DEPLOYMENT_TARGET = 17.5;
				LD_RUNPATH_SEARCH_PATHS = "@executable_path/Frameworks";
				"LD_RUNPATH_SEARCH_PATHS[sdk=macosx*]" = "@executable_path/../Frameworks";
				MACOSX_DEPLOYMENT_TARGET = 14.5;
				MARKETING_VERSION = 1.0;
				PRODUCT_BUNDLE_IDENTIFIER = "caiatech.git-forensics-apple-multiplatform";
				PRODUCT_NAME = "$(TARGET_NAME)";
				SDKROOT = auto;
				SUPPORTED_PLATFORMS = "iphoneos iphonesimulator macosx";
				SWIFT_EMIT_LOC_STRINGS = YES;
				SWIFT_VERSION = 5.0;
				TARGETED_DEVICE_FAMILY = "1,2";
			};
			name = Debug;
		};
		EB787B322E306B740069BA72 /* Release */ = {
			isa = XCBuildConfiguration;
			buildSettings = {
				ASSETCATALOG_COMPILER_APPICON_NAME = AppIcon;
				ASSETCATALOG_COMPILER_GLOBAL_ACCENT_COLOR_NAME = AccentColor;
				CODE_SIGN_ENTITLEMENTS = "git-forensics-apple-multiplatform/git_forensics_apple_multiplatform.entitlements";
				CODE_SIGN_STYLE = Automatic;
				CURRENT_PROJECT_VERSION = 1;
				DEVELOPMENT_ASSET_PATHS = "\"git-forensics-apple-multiplatform/Preview Content\"";
				ENABLE_PREVIEWS = YES;
				GENERATE_INFOPLIST_FILE = YES;
				"INFOPLIST_KEY_UIApplicationSceneManifest_Generation[sdk=iphoneos*]" = YES;
				"INFOPLIST_KEY_UIApplicationSceneManifest_Generation[sdk=iphonesimulator*]" = YES;
				"INFOPLIST_KEY_UIApplicationSupportsIndirectInputEvents[sdk=iphoneos*]" = YES;
				"INFOPLIST_KEY_UIApplicationSupportsIndirectInputEvents[sdk=iphonesimulator*]" = YES;
				"INFOPLIST_KEY_UILaunchScreen_Generation[sdk=iphoneos*]" = YES;
				"INFOPLIST_KEY_UILaunchScreen_Generation[sdk=iphonesimulator*]" = YES;
				"INFOPLIST_KEY_UIStatusBarStyle[sdk=iphoneos*]" = UIStatusBarStyleDefault;
				"INFOPLIST_KEY_UIStatusBarStyle[sdk=iphonesimulator*]" = UIStatusBarStyleDefault;
				INFOPLIST_KEY_UISupportedInterfaceOrientations_iPad = "UIInterfaceOrientationPortrait UIInterfaceOrientationPortraitUpsideDown UIInterfaceOrientationLandscapeLeft UIInterfaceOrientationLandscapeRight";
				INFOPLIST_KEY_UISupportedInterfaceOrientations_iPhone = "UIInterfaceOrientationPortrait UIInterfaceOrientationLandscapeLeft UIInterfaceOrientationLandscapeRight";
				IPHONEOS_DEPLOYMENT_TARGET = 17.5;
				LD_RUNPATH_SEARCH_PATHS = "@executable_path/Frameworks";
				"LD_RUNPATH_SEARCH_PATHS[sdk=macosx*]" = "@executable_path/../Frameworks";
				MACOSX_DEPLOYMENT_TARGET = 14.5;
				MARKETING_VERSION = 1.0;
				PRODUCT_BUNDLE_IDENTIFIER = "caiatech.git-forensics-apple-multiplatform";
				PRODUCT_NAME = "$(TARGET_NAME)";
				SDKROOT = auto;
				SUPPORTED_PLATFORMS = "iphoneos iphonesimulator macosx";
				SWIFT_EMIT_LOC_STRINGS = YES;
				SWIFT_VERSION = 5.0;
				TARGETED_DEVICE_FAMILY = "1,2";
			};
			name = Release;
		};
		EB787B342E306B740069BA72 /* Debug */ = {
			isa = XCBuildConfiguration;
			buildSettings = {
				ALWAYS_EMBED_SWIFT_STANDARD_LIBRARIES = YES;
				BUNDLE_LOADER = "$(TEST_HOST)";
				CODE_SIGN_STYLE = Automatic;
				CURRENT_PROJECT_VERSION = 1;
				GENERATE_INFOPLIST_FILE = YES;
				IPHONEOS_DEPLOYMENT_TARGET = 17.5;
				MACOSX_DEPLOYMENT_TARGET = 14.5;
				MARKETING_VERSION = 1.0;
				PRODUCT_BUNDLE_IDENTIFIER = "caiatech.git-forensics-apple-multiplatformTests";
				PRODUCT_NAME = "$(TARGET_NAME)";
				SDKROOT = auto;
				SUPPORTED_PLATFORMS = "iphoneos iphonesimulator macosx";
				SWIFT_EMIT_LOC_STRINGS = NO;
				SWIFT_VERSION = 5.0;
				TARGETED_DEVICE_FAMILY = "1,2";
				TEST_HOST = "$(BUILT_PRODUCTS_DIR)/git-forensics-apple-multiplatform.app/$(BUNDLE_EXECUTABLE_FOLDER_PATH)/git-forensics-apple-multiplatform";
			};
			name = Debug;
		};
		EB787B352E306B740069BA72 /* Release */ = {
			isa = XCBuildConfiguration;
			buildSettings = {
				ALWAYS_EMBED_SWIFT_STANDARD_LIBRARIES = YES;
				BUNDLE_LOADER = "$(TEST_HOST)";
				CODE_SIGN_STYLE = Automatic;
				CURRENT_PROJECT_VERSION = 1;
				GENERATE_INFOPLIST_FILE = YES;
				IPHONEOS_DEPLOYMENT_TARGET = 17.5;
				MACOSX_DEPLOYMENT_TARGET = 14.5;
				MARKETING_VERSION = 1.0;
				PRODUCT_BUNDLE_IDENTIFIER = "caiatech.git-forensics-apple-multiplatformTests";
				PRODUCT_NAME = "$(TARGET_NAME)";
				SDKROOT = auto;
				SUPPORTED_PLATFORMS = "iphoneos iphonesimulator macosx";
				SWIFT_EMIT_LOC_STRINGS = NO;
				SWIFT_VERSION = 5.0;
				TARGETED_DEVICE_FAMILY = "1,2";
				TEST_HOST = "$(BUILT_PRODUCTS_DIR)/git-forensics-apple-multiplatform.app/$(BUNDLE_EXECUTABLE_FOLDER_PATH)/git-forensics-apple-multiplatform";
			};
			name = Release;
		};
		EB787B372E306B740069BA72 /* Debug */ = {
			isa = XCBuildConfiguration;
			buildSettings = {
				ALWAYS_EMBED_SWIFT_STANDARD_LIBRARIES = YES;
				CODE_SIGN_STYLE = Automatic;
				CURRENT_PROJECT_VERSION = 1;
				GENERATE_INFOPLIST_FILE = YES;
				IPHONEOS_DEPLOYMENT_TARGET = 17.5;
				MACOSX_DEPLOYMENT_TARGET = 14.5;
				MARKETING_VERSION = 1.0;
				PRODUCT_BUNDLE_IDENTIFIER = "caiatech.git-forensics-apple-multiplatformUITests";
				PRODUCT_NAME = "$(TARGET_NAME)";
				SDKROOT = auto;
				SUPPORTED_PLATFORMS = "iphoneos iphonesimulator macosx";
				SWIFT_EMIT_LOC_STRINGS = NO;
				SWIFT_VERSION = 5.0;
				TARGETED_DEVICE_FAMILY = "1,2";
				TEST_TARGET_NAME = "git-forensics-apple-multiplatform";
			};
			name = Debug;
		};
		EB787B382E306B740069BA72 /* Release */ = {
			isa = XCBuildConfiguration;
			buildSettings = {
				ALWAYS_EMBED_SWIFT_STANDARD_LIBRARIES = YES;
				CODE_SIGN_STYLE = Automatic;
				CURRENT_PROJECT_VERSION = 1;
				GENERATE_INFOPLIST_FILE = YES;
				IPHONEOS_DEPLOYMENT_TARGET = 17.5;
				MACOSX_DEPLOYMENT_TARGET = 14.5;
				MARKETING_VERSION = 1.0;
				PRODUCT_BUNDLE_IDENTIFIER = "caiatech.git-forensics-apple-multiplatformUITests";
				PRODUCT_NAME = "$(TARGET_NAME)";
				SDKROOT = auto;
				SUPPORTED_PLATFORMS = "iphoneos iphonesimulator macosx";
				SWIFT_EMIT_LOC_STRINGS = NO;
				SWIFT_VERSION = 5.0;
				TARGETED_DEVICE_FAMILY = "1,2";
				TEST_TARGET_NAME = "git-forensics-apple-multiplatform";
			};
			name = Release;
		};
/* End XCBuildConfiguration section */

/* Begin XCConfigurationList section */
		EB787B062E306B730069BA72 /* Build configuration list for PBXProject "git-forensics-apple-multiplatform" */ = {
			isa = XCConfigurationList;
			buildConfigurations = (
				EB787B2E2E306B740069BA72 /* Debug */,
				EB787B2F2E306B740069BA72 /* Release */,
			);
			defaultConfigurationIsVisible = 0;
			defaultConfigurationName = Release;
		};
		EB787B302E306B740069BA72 /* Build configuration list for PBXNativeTarget "git-forensics-apple-multiplatform" */ = {
			isa = XCConfigurationList;
			buildConfigurations = (
				EB787B312E306B740069BA72 /* Debug */,
				EB787B322E306B740069BA72 /* Release */,
			);
			defaultConfigurationIsVisible = 0;
			defaultConfigurationName = Release;
		};
		EB787B332E306B740069BA72 /* Build configuration list for PBXNativeTarget "git-forensics-apple-multiplatformTests" */ = {
			isa = XCConfigurationList;
			buildConfigurations = (
				EB787B342E306B740069BA72 /* Debug */,
				EB787B352E306B740069BA72 /* Release */,
			);
			defaultConfigurationIsVisible = 0;
			defaultConfigurationName = Release;
		};
		EB787B362E306B740069BA72 /* Build configuration list for PBXNativeTarget "git-forensics-apple-multiplatformUITests" */ = {
			isa = XCConfigurationList;
			buildConfigurations = (
				EB787B372E306B740069BA72 /* Debug */,
				EB787B382E306B740069BA72 /* Release */,
			);
			defaultConfigurationIsVisible = 0;
			defaultConfigurationName = Release;
		};
/* End XCConfigurationList section */
	};
	rootObject = EB787B032E306B730069BA72 /* Project object */;
}
