// !$*UTF8*$!
{
	archiveVersion = 1;
	classes = {
	};
	objectVersion = 56;
	objects = {

/* Begin PBXBuildFile section */
		060A87F293F04AFC8BE0DDFC /* LaunchScreen.swift in Sources */ = {isa = PBXBuildFile; fileRef = 4AA45CDACBA341CC998E6002 /* LaunchScreen.swift */; };
		08C59F09C2C94C7B8470C4CC /* SimpleGitManager.swift in Sources */ = {isa = PBXBuildFile; fileRef = AABD4EF112344CC5A576F2E0 /* SimpleGitManager.swift */; };
		17A2FA40FEBC46DE86F3ECD2 /* AttachmentManagerTests.swift in Sources */ = {isa = PBXBuildFile; fileRef = A235528537CE40AA9A28EAC4 /* AttachmentManagerTests.swift */; };
		34C1E9282E254112935886FA /* EventManager.swift in Sources */ = {isa = PBXBuildFile; fileRef = BC488CC221144EFBA1A88769 /* EventManager.swift */; };
		3A84E9E5DB5A4A8D9C3677E0 /* EventChainIntegrationTests.swift in Sources */ = {isa = PBXBuildFile; fileRef = 5F29C942394C408495D4516B /* EventChainIntegrationTests.swift */; };
		3B1F795BF5758AF43CDC4C4F /* OAuthLoginView.swift in Sources */ = {isa = PBXBuildFile; fileRef = 3F90B49B822B02DC2BC6E974 /* OAuthLoginView.swift */; };
		3CB3B3E6A4DF408AA2C3C432 /* ForensicEventTests.swift in Sources */ = {isa = PBXBuildFile; fileRef = DF263472E6BB431A86CC15B1 /* ForensicEventTests.swift */; };
		69A94EE941224411A7E4C63E /* DeviceInfo.swift in Sources */ = {isa = PBXBuildFile; fileRef = E432605F8E4F4826B9BD3BD9 /* DeviceInfo.swift */; };
		70CBF8F5E6394D74B6A4EBC8 /* ContentViewTests.swift in Sources */ = {isa = PBXBuildFile; fileRef = A66E20E00E4645828ADCB1DC /* ContentViewTests.swift */; };
		71F63250D66450822ABE5351 /* CloudBackupView.swift in Sources */ = {isa = PBXBuildFile; fileRef = B64A1748CCE3E92D61D07B1C /* CloudBackupView.swift */; };
		76602EF84CA94B43920E0B53 /* PDFExportManager.swift in Sources */ = {isa = PBXBuildFile; fileRef = C2903383C5BF4DE59B1B3B0C /* PDFExportManager.swift */; };
		7DF24107F8424947B2271F12 /* CreateEventView.swift in Sources */ = {isa = PBXBuildFile; fileRef = 2DEB18ADDDE24DB1A0CAA7C9 /* CreateEventView.swift */; };
		832FFABCDCAC4D529E6258C0 /* ShareSheet.swift in Sources */ = {isa = PBXBuildFile; fileRef = 9E628EC281FE4EBD9028198D /* ShareSheet.swift */; };
		863028EB72F648D395EE3A8F /* CrossPlatform.swift in Sources */ = {isa = PBXBuildFile; fileRef = F6A4A8A1C3BD44DF8AD0C6B5 /* CrossPlatform.swift */; };
		883AEE38EF3D4379994E95B9 /* LocationManager.swift in Sources */ = {isa = PBXBuildFile; fileRef = 275DD04F68C44483B01DE44C /* LocationManager.swift */; };
		8C8582097D8F4A8D9D1275DC /* CryptoUtilsTests.swift in Sources */ = {isa = PBXBuildFile; fileRef = 8ADDA4D6C5DE46E086F5298E /* CryptoUtilsTests.swift */; };
		961E77D736974E2AAB6CDDAF /* TestHelpers.swift in Sources */ = {isa = PBXBuildFile; fileRef = 5E4EB68FA07B4469AA072333 /* TestHelpers.swift */; };
		9A549C847F9F4C17B4EE0A56 /* GitManager.swift in Sources */ = {isa = PBXBuildFile; fileRef = 8E7DF55B5C804C36B54EA02A /* GitManager.swift */; };
		9F38FDEF4B0D4023A0EC876D /* EventListView.swift in Sources */ = {isa = PBXBuildFile; fileRef = 16EE3EBA30CD45A98AE79C73 /* EventListView.swift */; };
		ABA0271C5B48442FBB98FCB4 /* CryptoUtils.swift in Sources */ = {isa = PBXBuildFile; fileRef = ACCC8944784E499090D33E20 /* CryptoUtils.swift */; };
		AED101AB5D034DF188A56C6B /* BiometricAuthManager.swift in Sources */ = {isa = PBXBuildFile; fileRef = 6CB9314A9DCC45A393021B83 /* BiometricAuthManager.swift */; };
		B9EBF99C27A248509A9A8940 /* EventManagerTests.swift in Sources */ = {isa = PBXBuildFile; fileRef = DE6A51E2C2554C3B87E821A5 /* EventManagerTests.swift */; };
		BF5DF0207061802281875BA6 /* CloudBackupManager.swift in Sources */ = {isa = PBXBuildFile; fileRef = 436E2EC6597E0A55E8CC758D /* CloudBackupManager.swift */; };
		C80ADE571C9542A29009B5FE /* SimpleGitManagerTests.swift in Sources */ = {isa = PBXBuildFile; fileRef = F7802F2D0B22441D80F3DAD1 /* SimpleGitManagerTests.swift */; };
		C9FF6FE3095743EEB4663E5A /* AttachmentManager.swift in Sources */ = {isa = PBXBuildFile; fileRef = 8D15CAD506344298AB8475BF /* AttachmentManager.swift */; };
		CE09474325144A95AF2F7BB2 /* EventDetailView.swift in Sources */ = {isa = PBXBuildFile; fileRef = 8FA3AA2783BB404792BE0BBA /* EventDetailView.swift */; };
		D1954B3E776B4771AAFD5686 /* SettingsView.swift in Sources */ = {isa = PBXBuildFile; fileRef = 201C9465B9C740C4B5681A54 /* SettingsView.swift */; };
		DE908CC30DF54BC5815D8B81 /* OnboardingView.swift in Sources */ = {isa = PBXBuildFile; fileRef = 50DDCB67B2E3450BB8B93FB8 /* OnboardingView.swift */; };
		EB787B0F2E306B730069BA72 /* git_forensics_apple_multiplatformApp.swift in Sources */ = {isa = PBXBuildFile; fileRef = EB787B0E2E306B730069BA72 /* git_forensics_apple_multiplatformApp.swift */; };
		EB787B112E306B730069BA72 /* ContentView.swift in Sources */ = {isa = PBXBuildFile; fileRef = EB787B102E306B730069BA72 /* ContentView.swift */; };
		EB787B132E306B740069BA72 /* Assets.xcassets in Resources */ = {isa = PBXBuildFile; fileRef = EB787B122E306B740069BA72 /* Assets.xcassets */; };
		EB787B172E306B740069BA72 /* Preview Assets.xcassets in Resources */ = {isa = PBXBuildFile; fileRef = EB787B162E306B740069BA72 /* Preview Assets.xcassets */; };
		EB787B212E306B740069BA72 /* git_forensics_apple_multiplatformTests.swift in Sources */ = {isa = PBXBuildFile; fileRef = EB787B202E306B740069BA72 /* git_forensics_apple_multiplatformTests.swift */; };
		EB787B2B2E306B740069BA72 /* git_forensics_apple_multiplatformUITests.swift in Sources */ = {isa = PBXBuildFile; fileRef = EB787B2A2E306B740069BA72 /* git_forensics_apple_multiplatformUITests.swift */; };
		EB787B2D2E306B740069BA72 /* git_forensics_apple_multiplatformUITestsLaunchTests.swift in Sources */ = {isa = PBXBuildFile; fileRef = EB787B2C2E306B740069BA72 /* git_forensics_apple_multiplatformUITestsLaunchTests.swift */; };
		F0ECB7BE4DAD430FBD82D8AF /* ForensicEvent.swift in Sources */ = {isa = PBXBuildFile; fileRef = E417AC00A8CE450EAC979E17 /* ForensicEvent.swift */; };
		ea7fd3c1b6d44f628d1294d0 /* GitHubAPIService.swift in Sources */ = {isa = PBXBuildFile; fileRef = 96839a5bcdd84ce99ee87d9d /* GitHubAPIService.swift */; };
		5a744e44e489400e8387fd86 /* KeychainManager.swift in Sources */ = {isa = PBXBuildFile; fileRef = 2614292b108240eca04001cf /* KeychainManager.swift */; };
		73c5b29a58f04b8ca07dcf90 /* GitHubTokenSetupView.swift in Sources */ = {isa = PBXBuildFile; fileRef = 2bffb22e44c14d53b6eed9bf /* GitHubTokenSetupView.swift */; };
/* End PBXBuildFile section */

/* Begin PBXContainerItemProxy section */
		EB787B1D2E306B740069BA72 /* PBXContainerItemProxy */ = {
			isa = PBXContainerItemProxy;
			containerPortal = EB787B032E306B730069BA72 /* Project object */;
			proxyType = 1;
			remoteGlobalIDString = EB787B0A2E306B730069BA72;
			remoteInfo = "git-forensics-apple-multiplatform";
		};
		EB787B272E306B740069BA72 /* PBXContainerItemProxy */ = {
			isa = PBXContainerItemProxy;
			containerPortal = EB787B032E306B730069BA72 /* Project object */;
			proxyType = 1;
			remoteGlobalIDString = EB787B0A2E306B730069BA72;
			remoteInfo = "git-forensics-apple-multiplatform";
		};
/* End PBXContainerItemProxy section */

/* Begin PBXFileReference section */
		16EE3EBA30CD45A98AE79C73 /* EventListView.swift */ = {isa = PBXFileReference; lastKnownFileType = sourcecode.swift; name = EventListView.swift; path = "git-forensics-apple-multiplatform/Views/EventListView.swift"; sourceTree = SOURCE_ROOT; };
		201C9465B9C740C4B5681A54 /* SettingsView.swift */ = {isa = PBXFileReference; lastKnownFileType = sourcecode.swift; path = SettingsView.swift; sourceTree = "<group>"; };
		275DD04F68C44483B01DE44C /* LocationManager.swift */ = {isa = PBXFileReference; lastKnownFileType = sourcecode.swift; path = LocationManager.swift; sourceTree = "<group>"; };
		2DEB18ADDDE24DB1A0CAA7C9 /* CreateEventView.swift */ = {isa = PBXFileReference; lastKnownFileType = sourcecode.swift; path = CreateEventView.swift; sourceTree = "<group>"; };
		3F90B49B822B02DC2BC6E974 /* OAuthLoginView.swift */ = {isa = PBXFileReference; includeInIndex = 1; lastKnownFileType = sourcecode.swift; name = OAuthLoginView.swift; path = OAuthLoginView.swift; sourceTree = "<group>"; };
		436E2EC6597E0A55E8CC758D /* CloudBackupManager.swift */ = {isa = PBXFileReference; includeInIndex = 1; lastKnownFileType = sourcecode.swift; name = CloudBackupManager.swift; path = CloudBackupManager.swift; sourceTree = "<group>"; };
		4AA45CDACBA341CC998E6002 /* LaunchScreen.swift */ = {isa = PBXFileReference; lastKnownFileType = sourcecode.swift; path = LaunchScreen.swift; sourceTree = "<group>"; };
		50DDCB67B2E3450BB8B93FB8 /* OnboardingView.swift */ = {isa = PBXFileReference; lastKnownFileType = sourcecode.swift; path = OnboardingView.swift; sourceTree = "<group>"; };
		5E4EB68FA07B4469AA072333 /* TestHelpers.swift */ = {isa = PBXFileReference; lastKnownFileType = sourcecode.swift; path = TestHelpers.swift; sourceTree = "<group>"; };
		5F29C942394C408495D4516B /* EventChainIntegrationTests.swift */ = {isa = PBXFileReference; lastKnownFileType = sourcecode.swift; path = EventChainIntegrationTests.swift; sourceTree = "<group>"; };
		6CB9314A9DCC45A393021B83 /* BiometricAuthManager.swift */ = {isa = PBXFileReference; lastKnownFileType = sourcecode.swift; path = BiometricAuthManager.swift; sourceTree = "<group>"; };
		8ADDA4D6C5DE46E086F5298E /* CryptoUtilsTests.swift */ = {isa = PBXFileReference; lastKnownFileType = sourcecode.swift; path = CryptoUtilsTests.swift; sourceTree = "<group>"; };
		8D15CAD506344298AB8475BF /* AttachmentManager.swift */ = {isa = PBXFileReference; lastKnownFileType = sourcecode.swift; path = AttachmentManager.swift; sourceTree = "<group>"; };
		8E7DF55B5C804C36B54EA02A /* GitManager.swift */ = {isa = PBXFileReference; lastKnownFileType = sourcecode.swift; path = GitManager.swift; sourceTree = "<group>"; };
		8FA3AA2783BB404792BE0BBA /* EventDetailView.swift */ = {isa = PBXFileReference; lastKnownFileType = sourcecode.swift; path = EventDetailView.swift; sourceTree = "<group>"; };
		9E628EC281FE4EBD9028198D /* ShareSheet.swift */ = {isa = PBXFileReference; lastKnownFileType = sourcecode.swift; path = ShareSheet.swift; sourceTree = "<group>"; };
		A235528537CE40AA9A28EAC4 /* AttachmentManagerTests.swift */ = {isa = PBXFileReference; lastKnownFileType = sourcecode.swift; path = AttachmentManagerTests.swift; sourceTree = "<group>"; };
		A66E20E00E4645828ADCB1DC /* ContentViewTests.swift */ = {isa = PBXFileReference; lastKnownFileType = sourcecode.swift; path = ContentViewTests.swift; sourceTree = "<group>"; };
		AABD4EF112344CC5A576F2E0 /* SimpleGitManager.swift */ = {isa = PBXFileReference; lastKnownFileType = sourcecode.swift; path = SimpleGitManager.swift; sourceTree = "<group>"; };
		ACCC8944784E499090D33E20 /* CryptoUtils.swift */ = {isa = PBXFileReference; lastKnownFileType = sourcecode.swift; path = CryptoUtils.swift; sourceTree = "<group>"; };
		B64A1748CCE3E92D61D07B1C /* CloudBackupView.swift */ = {isa = PBXFileReference; includeInIndex = 1; lastKnownFileType = sourcecode.swift; name = CloudBackupView.swift; path = CloudBackupView.swift; sourceTree = "<group>"; };
		BC488CC221144EFBA1A88769 /* EventManager.swift */ = {isa = PBXFileReference; lastKnownFileType = sourcecode.swift; path = EventManager.swift; sourceTree = "<group>"; };
		C2903383C5BF4DE59B1B3B0C /* PDFExportManager.swift */ = {isa = PBXFileReference; lastKnownFileType = sourcecode.swift; path = PDFExportManager.swift; sourceTree = "<group>"; };
		DE6A51E2C2554C3B87E821A5 /* EventManagerTests.swift */ = {isa = PBXFileReference; lastKnownFileType = sourcecode.swift; path = EventManagerTests.swift; sourceTree = "<group>"; };
		DF263472E6BB431A86CC15B1 /* ForensicEventTests.swift */ = {isa = PBXFileReference; lastKnownFileType = sourcecode.swift; path = ForensicEventTests.swift; sourceTree = "<group>"; };
		E417AC00A8CE450EAC979E17 /* ForensicEvent.swift */ = {isa = PBXFileReference; lastKnownFileType = sourcecode.swift; path = ForensicEvent.swift; sourceTree = "<group>"; };
		E432605F8E4F4826B9BD3BD9 /* DeviceInfo.swift */ = {isa = PBXFileReference; lastKnownFileType = sourcecode.swift; path = DeviceInfo.swift; sourceTree = "<group>"; };
		EB787B0B2E306B730069BA72 /* git-forensics-apple-multiplatform.app */ = {isa = PBXFileReference; explicitFileType = wrapper.application; includeInIndex = 0; path = "git-forensics-apple-multiplatform.app"; sourceTree = BUILT_PRODUCTS_DIR; };
		EB787B0E2E306B730069BA72 /* git_forensics_apple_multiplatformApp.swift */ = {isa = PBXFileReference; lastKnownFileType = sourcecode.swift; path = git_forensics_apple_multiplatformApp.swift; sourceTree = "<group>"; };
		EB787B102E306B730069BA72 /* ContentView.swift */ = {isa = PBXFileReference; lastKnownFileType = sourcecode.swift; path = ContentView.swift; sourceTree = "<group>"; };
		EB787B122E306B740069BA72 /* Assets.xcassets */ = {isa = PBXFileReference; lastKnownFileType = folder.assetcatalog; path = Assets.xcassets; sourceTree = "<group>"; };
		EB787B142E306B740069BA72 /* git_forensics_apple_multiplatform.entitlements */ = {isa = PBXFileReference; lastKnownFileType = text.plist.entitlements; path = git_forensics_apple_multiplatform.entitlements; sourceTree = "<group>"; };
		EB787B162E306B740069BA72 /* Preview Assets.xcassets */ = {isa = PBXFileReference; lastKnownFileType = folder.assetcatalog; path = "Preview Assets.xcassets"; sourceTree = "<group>"; };
		EB787B1C2E306B740069BA72 /* git-forensics-apple-multiplatformTests.xctest */ = {isa = PBXFileReference; explicitFileType = wrapper.cfbundle; includeInIndex = 0; path = "git-forensics-apple-multiplatformTests.xctest"; sourceTree = BUILT_PRODUCTS_DIR; };
		EB787B202E306B740069BA72 /* git_forensics_apple_multiplatformTests.swift */ = {isa = PBXFileReference; lastKnownFileType = sourcecode.swift; path = git_forensics_apple_multiplatformTests.swift; sourceTree = "<group>"; };
		EB787B262E306B740069BA72 /* git-forensics-apple-multiplatformUITests.xctest */ = {isa = PBXFileReference; explicitFileType = wrapper.cfbundle; includeInIndex = 0; path = "git-forensics-apple-multiplatformUITests.xctest"; sourceTree = BUILT_PRODUCTS_DIR; };
		EB787B2A2E306B740069BA72 /* git_forensics_apple_multiplatformUITests.swift */ = {isa = PBXFileReference; lastKnownFileType = sourcecode.swift; path = git_forensics_apple_multiplatformUITests.swift; sourceTree = "<group>"; };
		EB787B2C2E306B740069BA72 /* git_forensics_apple_multiplatformUITestsLaunchTests.swift */ = {isa = PBXFileReference; lastKnownFileType = sourcecode.swift; path = git_forensics_apple_multiplatformUITestsLaunchTests.swift; sourceTree = "<group>"; };
		F6A4A8A1C3BD44DF8AD0C6B5 /* CrossPlatform.swift */ = {isa = PBXFileReference; lastKnownFileType = sourcecode.swift; path = CrossPlatform.swift; sourceTree = "<group>"; };
		F7802F2D0B22441D80F3DAD1 /* SimpleGitManagerTests.swift */ = {isa = PBXFileReference; lastKnownFileType = sourcecode.swift; path = SimpleGitManagerTests.swift; sourceTree = "<group>"; };
		96839a5bcdd84ce99ee87d9d /* GitHubAPIService.swift */ = {isa = PBXFileReference; lastKnownFileType = sourcecode.swift; path = GitHubAPIService.swift; sourceTree = "<group>"; };
		2614292b108240eca04001cf /* KeychainManager.swift */ = {isa = PBXFileReference; lastKnownFileType = sourcecode.swift; path = KeychainManager.swift; sourceTree = "<group>"; };
		2bffb22e44c14d53b6eed9bf /* GitHubTokenSetupView.swift */ = {isa = PBXFileReference; lastKnownFileType = sourcecode.swift; path = GitHubTokenSetupView.swift; sourceTree = "<group>"; };
/* End PBXFileReference section */

/* Begin PBXFrameworksBuildPhase section */
		EB787B082E306B730069BA72 /* Frameworks */ = {
			isa = PBXFrameworksBuildPhase;
			buildActionMask = 2147483647;
			files = (
			);
			runOnlyForDeploymentPostprocessing = 0;
		};
		EB787B192E306B740069BA72 /* Frameworks */ = {
			isa = PBXFrameworksBuildPhase;
			buildActionMask = 2147483647;
			files = (
			);
			runOnlyForDeploymentPostprocessing = 0;
		};
		EB787B232E306B740069BA72 /* Frameworks */ = {
			isa = PBXFrameworksBuildPhase;
			buildActionMask = 2147483647;
			files = (
			);
			runOnlyForDeploymentPostprocessing = 0;
		};
/* End PBXFrameworksBuildPhase section */

/* Begin PBXGroup section */
		187B7C1B842C4DC7AA80568F /* Utilities */ = {
			isa = PBXGroup;
			children = (
				F6A4A8A1C3BD44DF8AD0C6B5 /* CrossPlatform.swift */,
			);
			path = Utilities;
			sourceTree = "<group>";
		};
		189E04DDCECC4740A7ED6FD3 /* Services */ = {
			isa = PBXGroup;
			children = (
				C2903383C5BF4DE59B1B3B0C /* PDFExportManager.swift */,
				8E7DF55B5C804C36B54EA02A /* GitManager.swift */,
				BC488CC221144EFBA1A88769 /* EventManager.swift */,
				AABD4EF112344CC5A576F2E0 /* SimpleGitManager.swift */,
				6CB9314A9DCC45A393021B83 /* BiometricAuthManager.swift */,
				E432605F8E4F4826B9BD3BD9 /* DeviceInfo.swift */,
				275DD04F68C44483B01DE44C /* LocationManager.swift */,
				8D15CAD506344298AB8475BF /* AttachmentManager.swift */,
				436E2EC6597E0A55E8CC758D /* CloudBackupManager.swift */,
				96839a5bcdd84ce99ee87d9d /* GitHubAPIService.swift */,
				2614292b108240eca04001cf /* KeychainManager.swift */,
			);
			path = Services;
			sourceTree = "<group>";
		};
		54D003BFA844420CB776AD82 /* Utils */ = {
			isa = PBXGroup;
			children = (
				ACCC8944784E499090D33E20 /* CryptoUtils.swift */,
			);
			path = Utils;
			sourceTree = "<group>";
		};
		750D1D5AF7284946A50B9A73 /* Models */ = {
			isa = PBXGroup;
			children = (
				E417AC00A8CE450EAC979E17 /* ForensicEvent.swift */,
			);
			path = Models;
			sourceTree = "<group>";
		};
		A66D6C1720864698A8CA2CE8 /* Views */ = {
			isa = PBXGroup;
			children = (
				4AA45CDACBA341CC998E6002 /* LaunchScreen.swift */,
				50DDCB67B2E3450BB8B93FB8 /* OnboardingView.swift */,
				8FA3AA2783BB404792BE0BBA /* EventDetailView.swift */,
				2DEB18ADDDE24DB1A0CAA7C9 /* CreateEventView.swift */,
				9E628EC281FE4EBD9028198D /* ShareSheet.swift */,
				201C9465B9C740C4B5681A54 /* SettingsView.swift */,
				B64A1748CCE3E92D61D07B1C /* CloudBackupView.swift */,
				3F90B49B822B02DC2BC6E974 /* OAuthLoginView.swift */,
				2bffb22e44c14d53b6eed9bf /* GitHubTokenSetupView.swift */,
			);
			path = Views;
			sourceTree = "<group>";
		};
		EB787B022E306B730069BA72 = {
			isa = PBXGroup;
			children = (
				EB787B0D2E306B730069BA72 /* git-forensics-apple-multiplatform */,
				EB787B1F2E306B740069BA72 /* git-forensics-apple-multiplatformTests */,
				EB787B292E306B740069BA72 /* git-forensics-apple-multiplatformUITests */,
				EB787B0C2E306B730069BA72 /* Products */,
			);
			sourceTree = "<group>";
		};
		EB787B0C2E306B730069BA72 /* Products */ = {
			isa = PBXGroup;
			children = (
				EB787B0B2E306B730069BA72 /* git-forensics-apple-multiplatform.app */,
				EB787B1C2E306B740069BA72 /* git-forensics-apple-multiplatformTests.xctest */,
				EB787B262E306B740069BA72 /* git-forensics-apple-multiplatformUITests.xctest */,
			);
			name = Products;
			sourceTree = "<group>";
		};
		EB787B0D2E306B730069BA72 /* git-forensics-apple-multiplatform */ = {
			isa = PBXGroup;
			children = (
				EB787B0E2E306B730069BA72 /* git_forensics_apple_multiplatformApp.swift */,
				EB787B102E306B730069BA72 /* ContentView.swift */,
				EB787B122E306B740069BA72 /* Assets.xcassets */,
				EB787B142E306B740069BA72 /* git_forensics_apple_multiplatform.entitlements */,
				750D1D5AF7284946A50B9A73 /* Models */,
				189E04DDCECC4740A7ED6FD3 /* Services */,
				A66D6C1720864698A8CA2CE8 /* Views */,
				187B7C1B842C4DC7AA80568F /* Utilities */,
				54D003BFA844420CB776AD82 /* Utils */,
				EB787B152E306B740069BA72 /* Preview Content */,
			);
			path = "git-forensics-apple-multiplatform";
			sourceTree = "<group>";
		};
		EB787B152E306B740069BA72 /* Preview Content */ = {
			isa = PBXGroup;
			children = (
				EB787B162E306B740069BA72 /* Preview Assets.xcassets */,
			);
			path = "Preview Content";
			sourceTree = "<group>";
		};
		EB787B1F2E306B740069BA72 /* git-forensics-apple-multiplatformTests */ = {
			isa = PBXGroup;
			children = (
				EB787B202E306B740069BA72 /* git_forensics_apple_multiplatformTests.swift */,
				5F29C942394C408495D4516B /* EventChainIntegrationTests.swift */,
				A235528537CE40AA9A28EAC4 /* AttachmentManagerTests.swift */,
				F7802F2D0B22441D80F3DAD1 /* SimpleGitManagerTests.swift */,
				8ADDA4D6C5DE46E086F5298E /* CryptoUtilsTests.swift */,
				DE6A51E2C2554C3B87E821A5 /* EventManagerTests.swift */,
				5E4EB68FA07B4469AA072333 /* TestHelpers.swift */,
				DF263472E6BB431A86CC15B1 /* ForensicEventTests.swift */,
				A66E20E00E4645828ADCB1DC /* ContentViewTests.swift */,
			);
			path = "git-forensics-apple-multiplatformTests";
			sourceTree = "<group>";
		};
		EB787B292E306B740069BA72 /* git-forensics-apple-multiplatformUITests */ = {
			isa = PBXGroup;
			children = (
				EB787B2A2E306B740069BA72 /* git_forensics_apple_multiplatformUITests.swift */,
				EB787B2C2E306B740069BA72 /* git_forensics_apple_multiplatformUITestsLaunchTests.swift */,
			);
			path = "git-forensics-apple-multiplatformUITests";
			sourceTree = "<group>";
		};
/* End PBXGroup section */

/* Begin PBXNativeTarget section */
		EB787B0A2E306B730069BA72 /* git-forensics-apple-multiplatform */ = {
			isa = PBXNativeTarget;
			buildConfigurationList = EB787B302E306B740069BA72 /* Build configuration list for PBXNativeTarget "git-forensics-apple-multiplatform" */;
			buildPhases = (
				EB787B072E306B730069BA72 /* Sources */,
				EB787B082E306B730069BA72 /* Frameworks */,
				EB787B092E306B730069BA72 /* Resources */,
			);
			buildRules = (
			);
			dependencies = (
			);
			name = "git-forensics-apple-multiplatform";
			productName = "git-forensics-apple-multiplatform";
			productReference = EB787B0B2E306B730069BA72 /* git-forensics-apple-multiplatform.app */;
			productType = "com.apple.product-type.application";
		};
		EB787B1B2E306B740069BA72 /* git-forensics-apple-multiplatformTests */ = {
			isa = PBXNativeTarget;
			buildConfigurationList = EB787B332E306B740069BA72 /* Build configuration list for PBXNativeTarget "git-forensics-apple-multiplatformTests" */;
			buildPhases = (
				EB787B182E306B740069BA72 /* Sources */,
				EB787B192E306B740069BA72 /* Frameworks */,
				EB787B1A2E306B740069BA72 /* Resources */,
			);
			buildRules = (
			);
			dependencies = (
				EB787B1E2E306B740069BA72 /* PBXTargetDependency */,
			);
			name = "git-forensics-apple-multiplatformTests";
			productName = "git-forensics-apple-multiplatformTests";
			productReference = EB787B1C2E306B740069BA72 /* git-forensics-apple-multiplatformTests.xctest */;
			productType = "com.apple.product-type.bundle.unit-test";
		};
		EB787B252E306B740069BA72 /* git-forensics-apple-multiplatformUITests */ = {
			isa = PBXNativeTarget;
			buildConfigurationList = EB787B362E306B740069BA72 /* Build configuration list for PBXNativeTarget "git-forensics-apple-multiplatformUITests" */;
			buildPhases = (
				EB787B222E306B740069BA72 /* Sources */,
				EB787B232E306B740069BA72 /* Frameworks */,
				EB787B242E306B740069BA72 /* Resources */,
			);
			buildRules = (
			);
			dependencies = (
				EB787B282E306B740069BA72 /* PBXTargetDependency */,
			);
			name = "git-forensics-apple-multiplatformUITests";
			productName = "git-forensics-apple-multiplatformUITests";
			productReference = EB787B262E306B740069BA72 /* git-forensics-apple-multiplatformUITests.xctest */;
			productType = "com.apple.product-type.bundle.ui-testing";
		};
/* End PBXNativeTarget section */

/* Begin PBXProject section */
		EB787B032E306B730069BA72 /* Project object */ = {
			isa = PBXProject;
			attributes = {
				BuildIndependentTargetsInParallel = 1;
				LastSwiftUpdateCheck = 1540;
				LastUpgradeCheck = 1540;
				TargetAttributes = {
					EB787B0A2E306B730069BA72 = {
						CreatedOnToolsVersion = 15.4;
					};
					EB787B1B2E306B740069BA72 = {
						CreatedOnToolsVersion = 15.4;
						TestTargetID = EB787B0A2E306B730069BA72;
					};
					EB787B252E306B740069BA72 = {
						CreatedOnToolsVersion = 15.4;
						TestTargetID = EB787B0A2E306B730069BA72;
					};
				};
			};
			buildConfigurationList = EB787B062E306B730069BA72 /* Build configuration list for PBXProject "git-forensics-apple-multiplatform" */;
			compatibilityVersion = "Xcode 14.0";
			developmentRegion = en;
			hasScannedForEncodings = 0;
			knownRegions = (
				en,
				Base,
			);
			mainGroup = EB787B022E306B730069BA72;
			productRefGroup = EB787B0C2E306B730069BA72 /* Products */;
			projectDirPath = "";
			projectRoot = "";
			targets = (
				EB787B0A2E306B730069BA72 /* git-forensics-apple-multiplatform */,
				EB787B1B2E306B740069BA72 /* git-forensics-apple-multiplatformTests */,
				EB787B252E306B740069BA72 /* git-forensics-apple-multiplatformUITests */,
			);
		};
/* End PBXProject section */

/* Begin PBXResourcesBuildPhase section */
		EB787B092E306B730069BA72 /* Resources */ = {
			isa = PBXResourcesBuildPhase;
			buildActionMask = 2147483647;
			files = (
				EB787B172E306B740069BA72 /* Preview Assets.xcassets in Resources */,
				EB787B132E306B740069BA72 /* Assets.xcassets in Resources */,
			);
			runOnlyForDeploymentPostprocessing = 0;
		};
		EB787B1A2E306B740069BA72 /* Resources */ = {
			isa = PBXResourcesBuildPhase;
			buildActionMask = 2147483647;
			files = (
			);
			runOnlyForDeploymentPostprocessing = 0;
		};
		EB787B242E306B740069BA72 /* Resources */ = {
			isa = PBXResourcesBuildPhase;
			buildActionMask = 2147483647;
			files = (
			);
			runOnlyForDeploymentPostprocessing = 0;
		};
/* End PBXResourcesBuildPhase section */

/* Begin PBXSourcesBuildPhase section */
		EB787B072E306B730069BA72 /* Sources */ = {
			isa = PBXSourcesBuildPhase;
			buildActionMask = 2147483647;
			files = (
				EB787B112E306B730069BA72 /* ContentView.swift in Sources */,
				EB787B0F2E306B730069BA72 /* git_forensics_apple_multiplatformApp.swift in Sources */,
				F0ECB7BE4DAD430FBD82D8AF /* ForensicEvent.swift in Sources */,
				76602EF84CA94B43920E0B53 /* PDFExportManager.swift in Sources */,
				9A549C847F9F4C17B4EE0A56 /* GitManager.swift in Sources */,
				34C1E9282E254112935886FA /* EventManager.swift in Sources */,
				08C59F09C2C94C7B8470C4CC /* SimpleGitManager.swift in Sources */,
				AED101AB5D034DF188A56C6B /* BiometricAuthManager.swift in Sources */,
				69A94EE941224411A7E4C63E /* DeviceInfo.swift in Sources */,
				883AEE38EF3D4379994E95B9 /* LocationManager.swift in Sources */,
				C9FF6FE3095743EEB4663E5A /* AttachmentManager.swift in Sources */,
				060A87F293F04AFC8BE0DDFC /* LaunchScreen.swift in Sources */,
				DE908CC30DF54BC5815D8B81 /* OnboardingView.swift in Sources */,
				CE09474325144A95AF2F7BB2 /* EventDetailView.swift in Sources */,
				7DF24107F8424947B2271F12 /* CreateEventView.swift in Sources */,
				832FFABCDCAC4D529E6258C0 /* ShareSheet.swift in Sources */,
				D1954B3E776B4771AAFD5686 /* SettingsView.swift in Sources */,
				863028EB72F648D395EE3A8F /* CrossPlatform.swift in Sources */,
				ABA0271C5B48442FBB98FCB4 /* CryptoUtils.swift in Sources */,
				9F38FDEF4B0D4023A0EC876D /* EventListView.swift in Sources */,
				BF5DF0207061802281875BA6 /* CloudBackupManager.swift in Sources */,
				71F63250D66450822ABE5351 /* CloudBackupView.swift in Sources */,
				3B1F795BF5758AF43CDC4C4F /* OAuthLoginView.swift in Sources */,
				ea7fd3c1b6d44f628d1294d0 /* GitHubAPIService.swift in Sources */,
				5a744e44e489400e8387fd86 /* KeychainManager.swift in Sources */,
				73c5b29a58f04b8ca07dcf90 /* GitHubTokenSetupView.swift in Sources */,
			);
			runOnlyForDeploymentPostprocessing = 0;
		};
		EB787B182E306B740069BA72 /* Sources */ = {
			isa = PBXSourcesBuildPhase;
			buildActionMask = 2147483647;
			files = (
				EB787B212E306B740069BA72 /* git_forensics_apple_multiplatformTests.swift in Sources */,
				3A84E9E5DB5A4A8D9C3677E0 /* EventChainIntegrationTests.swift in Sources */,
				17A2FA40FEBC46DE86F3ECD2 /* AttachmentManagerTests.swift in Sources */,
				C80ADE571C9542A29009B5FE /* SimpleGitManagerTests.swift in Sources */,
				8C8582097D8F4A8D9D1275DC /* CryptoUtilsTests.swift in Sources */,
				B9EBF99C27A248509A9A8940 /* EventManagerTests.swift in Sources */,
				961E77D736974E2AAB6CDDAF /* TestHelpers.swift in Sources */,
				3CB3B3E6A4DF408AA2C3C432 /* ForensicEventTests.swift in Sources */,
				70CBF8F5E6394D74B6A4EBC8 /* ContentViewTests.swift in Sources */,
			);
			runOnlyForDeploymentPostprocessing = 0;
		};
		EB787B222E306B740069BA72 /* Sources */ = {
			isa = PBXSourcesBuildPhase;
			buildActionMask = 2147483647;
			files = (
				EB787B2D2E306B740069BA72 /* git_forensics_apple_multiplatformUITestsLaunchTests.swift in Sources */,
				EB787B2B2E306B740069BA72 /* git_forensics_apple_multiplatformUITests.swift in Sources */,
			);
			runOnlyForDeploymentPostprocessing = 0;
		};
/* End PBXSourcesBuildPhase section */

/* Begin PBXTargetDependency section */
		EB787B1E2E306B740069BA72 /* PBXTargetDependency */ = {
			isa = PBXTargetDependency;
			target = EB787B0A2E306B730069BA72 /* git-forensics-apple-multiplatform */;
			targetProxy = EB787B1D2E306B740069BA72 /* PBXContainerItemProxy */;
		};
		EB787B282E306B740069BA72 /* PBXTargetDependency */ = {
			isa = PBXTargetDependency;
			target = EB787B0A2E306B730069BA72 /* git-forensics-apple-multiplatform */;
			targetProxy = EB787B272E306B740069BA72 /* PBXContainerItemProxy */;
		};
/* End PBXTargetDependency section */

/* Begin XCBuildConfiguration section */
		EB787B2E2E306B740069BA72 /* Debug */ = {
			isa = XCBuildConfiguration;
			buildSettings = {
				ALWAYS_SEARCH_USER_PATHS = NO;
				ASSETCATALOG_COMPILER_GENERATE_SWIFT_ASSET_SYMBOL_EXTENSIONS = YES;
				CLANG_ANALYZER_NONNULL = YES;
				CLANG_ANALYZER_NUMBER_OBJECT_CONVERSION = YES_AGGRESSIVE;
				CLANG_CXX_LANGUAGE_STANDARD = "gnu++20";
				CLANG_ENABLE_MODULES = YES;
				CLANG_ENABLE_OBJC_ARC = YES;
				CLANG_ENABLE_OBJC_WEAK = YES;
				CLANG_WARN_BLOCK_CAPTURE_AUTORELEASING = YES;
				CLANG_WARN_BOOL_CONVERSION = YES;
				CLANG_WARN_COMMA = YES;
				CLANG_WARN_CONSTANT_CONVERSION = YES;
				CLANG_WARN_DEPRECATED_OBJC_IMPLEMENTATIONS = YES;
				CLANG_WARN_DIRECT_OBJC_ISA_USAGE = YES_ERROR;
				CLANG_WARN_DOCUMENTATION_COMMENTS = YES;
				CLANG_WARN_EMPTY_BODY = YES;
				CLANG_WARN_ENUM_CONVERSION = YES;
				CLANG_WARN_INFINITE_RECURSION = YES;
				CLANG_WARN_INT_CONVERSION = YES;
				CLANG_WARN_NON_LITERAL_NULL_CONVERSION = YES;
				CLANG_WARN_OBJC_IMPLICIT_RETAIN_SELF = YES;
				CLANG_WARN_OBJC_LITERAL_CONVERSION = YES;
				CLANG_WARN_OBJC_ROOT_CLASS = YES_ERROR;
				CLANG_WARN_QUOTED_INCLUDE_IN_FRAMEWORK_HEADER = YES;
				CLANG_WARN_RANGE_LOOP_ANALYSIS = YES;
				CLANG_WARN_STRICT_PROTOTYPES = YES;
				CLANG_WARN_SUSPICIOUS_MOVE = YES;
				CLANG_WARN_UNGUARDED_AVAILABILITY = YES_AGGRESSIVE;
				CLANG_WARN_UNREACHABLE_CODE = YES;
				CLANG_WARN__DUPLICATE_METHOD_MATCH = YES;
				COPY_PHASE_STRIP = NO;
				DEBUG_INFORMATION_FORMAT = dwarf;
				ENABLE_STRICT_OBJC_MSGSEND = YES;
				ENABLE_TESTABILITY = YES;
				ENABLE_USER_SCRIPT_SANDBOXING = YES;
				GCC_C_LANGUAGE_STANDARD = gnu17;
				GCC_DYNAMIC_NO_PIC = NO;
				GCC_NO_COMMON_BLOCKS = YES;
				GCC_OPTIMIZATION_LEVEL = 0;
				GCC_PREPROCESSOR_DEFINITIONS = (
					"DEBUG=1",
					"$(inherited)",
				);
				GCC_WARN_64_TO_32_BIT_CONVERSION = YES;
				GCC_WARN_ABOUT_RETURN_TYPE = YES_ERROR;
				GCC_WARN_UNDECLARED_SELECTOR = YES;
				GCC_WARN_UNINITIALIZED_AUTOS = YES_AGGRESSIVE;
				GCC_WARN_UNUSED_FUNCTION = YES;
				GCC_WARN_UNUSED_VARIABLE = YES;
				LOCALIZATION_PREFERS_STRING_CATALOGS = YES;
				MTL_ENABLE_DEBUG_INFO = INCLUDE_SOURCE;
				MTL_FAST_MATH = YES;
				ONLY_ACTIVE_ARCH = YES;
				SWIFT_ACTIVE_COMPILATION_CONDITIONS = "DEBUG $(inherited)";
				SWIFT_OPTIMIZATION_LEVEL = "-Onone";
			};
			name = Debug;
		};
		EB787B2F2E306B740069BA72 /* Release */ = {
			isa = XCBuildConfiguration;
			buildSettings = {
				ALWAYS_SEARCH_USER_PATHS = NO;
				ASSETCATALOG_COMPILER_GENERATE_SWIFT_ASSET_SYMBOL_EXTENSIONS = YES;
				CLANG_ANALYZER_NONNULL = YES;
				CLANG_ANALYZER_NUMBER_OBJECT_CONVERSION = YES_AGGRESSIVE;
				CLANG_CXX_LANGUAGE_STANDARD = "gnu++20";
				CLANG_ENABLE_MODULES = YES;
				CLANG_ENABLE_OBJC_ARC = YES;
				CLANG_ENABLE_OBJC_WEAK = YES;
				CLANG_WARN_BLOCK_CAPTURE_AUTORELEASING = YES;
				CLANG_WARN_BOOL_CONVERSION = YES;
				CLANG_WARN_COMMA = YES;
				CLANG_WARN_CONSTANT_CONVERSION = YES;
				CLANG_WARN_DEPRECATED_OBJC_IMPLEMENTATIONS = YES;
				CLANG_WARN_DIRECT_OBJC_ISA_USAGE = YES_ERROR;
				CLANG_WARN_DOCUMENTATION_COMMENTS = YES;
				CLANG_WARN_EMPTY_BODY = YES;
				CLANG_WARN_ENUM_CONVERSION = YES;
				CLANG_WARN_INFINITE_RECURSION = YES;
				CLANG_WARN_INT_CONVERSION = YES;
				CLANG_WARN_NON_LITERAL_NULL_CONVERSION = YES;
				CLANG_WARN_OBJC_IMPLICIT_RETAIN_SELF = YES;
				CLANG_WARN_OBJC_LITERAL_CONVERSION = YES;
				CLANG_WARN_OBJC_ROOT_CLASS = YES_ERROR;
				CLANG_WARN_QUOTED_INCLUDE_IN_FRAMEWORK_HEADER = YES;
				CLANG_WARN_RANGE_LOOP_ANALYSIS = YES;
				CLANG_WARN_STRICT_PROTOTYPES = YES;
				CLANG_WARN_SUSPICIOUS_MOVE = YES;
				CLANG_WARN_UNGUARDED_AVAILABILITY = YES_AGGRESSIVE;
				CLANG_WARN_UNREACHABLE_CODE = YES;
				CLANG_WARN__DUPLICATE_METHOD_MATCH = YES;
				COPY_PHASE_STRIP = NO;
				DEBUG_INFORMATION_FORMAT = "dwarf-with-dsym";
				ENABLE_NS_ASSERTIONS = NO;
				ENABLE_STRICT_OBJC_MSGSEND = YES;
				ENABLE_USER_SCRIPT_SANDBOXING = YES;
				GCC_C_LANGUAGE_STANDARD = gnu17;
				GCC_NO_COMMON_BLOCKS = YES;
				GCC_WARN_64_TO_32_BIT_CONVERSION = YES;
				GCC_WARN_ABOUT_RETURN_TYPE = YES_ERROR;
				GCC_WARN_UNDECLARED_SELECTOR = YES;
				GCC_WARN_UNINITIALIZED_AUTOS = YES_AGGRESSIVE;
				GCC_WARN_UNUSED_FUNCTION = YES;
				GCC_WARN_UNUSED_VARIABLE = YES;
				LOCALIZATION_PREFERS_STRING_CATALOGS = YES;
				MTL_ENABLE_DEBUG_INFO = NO;
				MTL_FAST_MATH = YES;
				SWIFT_COMPILATION_MODE = wholemodule;
			};
			name = Release;
		};
		EB787B312E306B740069BA72 /* Debug */ = {
			isa = XCBuildConfiguration;
			buildSettings = {
				ASSETCATALOG_COMPILER_APPICON_NAME = AppIcon;
				ASSETCATALOG_COMPILER_GLOBAL_ACCENT_COLOR_NAME = AccentColor;
				CODE_SIGN_ENTITLEMENTS = "git-forensics-apple-multiplatform/git_forensics_apple_multiplatform.entitlements";
				CODE_SIGN_STYLE = Automatic;
				CURRENT_PROJECT_VERSION = 1;
				DEVELOPMENT_ASSET_PATHS = "\"git-forensics-apple-multiplatform/Preview Content\"";
				ENABLE_PREVIEWS = YES;
				GENERATE_INFOPLIST_FILE = YES;
				"INFOPLIST_KEY_UIApplicationSceneManifest_Generation[sdk=iphoneos*]" = YES;
				"INFOPLIST_KEY_UIApplicationSceneManifest_Generation[sdk=iphonesimulator*]" = YES;
				"INFOPLIST_KEY_UIApplicationSupportsIndirectInputEvents[sdk=iphoneos*]" = YES;
				"INFOPLIST_KEY_UIApplicationSupportsIndirectInputEvents[sdk=iphonesimulator*]" = YES;
				"INFOPLIST_KEY_UILaunchScreen_Generation[sdk=iphoneos*]" = YES;
				"INFOPLIST_KEY_UILaunchScreen_Generation[sdk=iphonesimulator*]" = YES;
				"INFOPLIST_KEY_UIStatusBarStyle[sdk=iphoneos*]" = UIStatusBarStyleDefault;
				"INFOPLIST_KEY_UIStatusBarStyle[sdk=iphonesimulator*]" = UIStatusBarStyleDefault;
				INFOPLIST_KEY_UISupportedInterfaceOrientations_iPad = "UIInterfaceOrientationPortrait UIInterfaceOrientationPortraitUpsideDown UIInterfaceOrientationLandscapeLeft UIInterfaceOrientationLandscapeRight";
				INFOPLIST_KEY_UISupportedInterfaceOrientations_iPhone = "UIInterfaceOrientationPortrait UIInterfaceOrientationLandscapeLeft UIInterfaceOrientationLandscapeRight";
				IPHONEOS_DEPLOYMENT_TARGET = 17.5;
				LD_RUNPATH_SEARCH_PATHS = "@executable_path/Frameworks";
				"LD_RUNPATH_SEARCH_PATHS[sdk=macosx*]" = "@executable_path/../Frameworks";
				MACOSX_DEPLOYMENT_TARGET = 14.5;
				MARKETING_VERSION = 1.0;
				PRODUCT_BUNDLE_IDENTIFIER = "caiatech.git-forensics-apple-multiplatform";
				PRODUCT_NAME = "$(TARGET_NAME)";
				SDKROOT = auto;
				SUPPORTED_PLATFORMS = "iphoneos iphonesimulator macosx";
				SWIFT_EMIT_LOC_STRINGS = YES;
				SWIFT_VERSION = 5.0;
				TARGETED_DEVICE_FAMILY = "1,2";
			};
			name = Debug;
		};
		EB787B322E306B740069BA72 /* Release */ = {
			isa = XCBuildConfiguration;
			buildSettings = {
				ASSETCATALOG_COMPILER_APPICON_NAME = AppIcon;
				ASSETCATALOG_COMPILER_GLOBAL_ACCENT_COLOR_NAME = AccentColor;
				CODE_SIGN_ENTITLEMENTS = "git-forensics-apple-multiplatform/git_forensics_apple_multiplatform.entitlements";
				CODE_SIGN_STYLE = Automatic;
				CURRENT_PROJECT_VERSION = 1;
				DEVELOPMENT_ASSET_PATHS = "\"git-forensics-apple-multiplatform/Preview Content\"";
				ENABLE_PREVIEWS = YES;
				GENERATE_INFOPLIST_FILE = YES;
				"INFOPLIST_KEY_UIApplicationSceneManifest_Generation[sdk=iphoneos*]" = YES;
				"INFOPLIST_KEY_UIApplicationSceneManifest_Generation[sdk=iphonesimulator*]" = YES;
				"INFOPLIST_KEY_UIApplicationSupportsIndirectInputEvents[sdk=iphoneos*]" = YES;
				"INFOPLIST_KEY_UIApplicationSupportsIndirectInputEvents[sdk=iphonesimulator*]" = YES;
				"INFOPLIST_KEY_UILaunchScreen_Generation[sdk=iphoneos*]" = YES;
				"INFOPLIST_KEY_UILaunchScreen_Generation[sdk=iphonesimulator*]" = YES;
				"INFOPLIST_KEY_UIStatusBarStyle[sdk=iphoneos*]" = UIStatusBarStyleDefault;
				"INFOPLIST_KEY_UIStatusBarStyle[sdk=iphonesimulator*]" = UIStatusBarStyleDefault;
				INFOPLIST_KEY_UISupportedInterfaceOrientations_iPad = "UIInterfaceOrientationPortrait UIInterfaceOrientationPortraitUpsideDown UIInterfaceOrientationLandscapeLeft UIInterfaceOrientationLandscapeRight";
				INFOPLIST_KEY_UISupportedInterfaceOrientations_iPhone = "UIInterfaceOrientationPortrait UIInterfaceOrientationLandscapeLeft UIInterfaceOrientationLandscapeRight";
				IPHONEOS_DEPLOYMENT_TARGET = 17.5;
				LD_RUNPATH_SEARCH_PATHS = "@executable_path/Frameworks";
				"LD_RUNPATH_SEARCH_PATHS[sdk=macosx*]" = "@executable_path/../Frameworks";
				MACOSX_DEPLOYMENT_TARGET = 14.5;
				MARKETING_VERSION = 1.0;
				PRODUCT_BUNDLE_IDENTIFIER = "caiatech.git-forensics-apple-multiplatform";
				PRODUCT_NAME = "$(TARGET_NAME)";
				SDKROOT = auto;
				SUPPORTED_PLATFORMS = "iphoneos iphonesimulator macosx";
				SWIFT_EMIT_LOC_STRINGS = YES;
				SWIFT_VERSION = 5.0;
				TARGETED_DEVICE_FAMILY = "1,2";
			};
			name = Release;
		};
		EB787B342E306B740069BA72 /* Debug */ = {
			isa = XCBuildConfiguration;
			buildSettings = {
				ALWAYS_EMBED_SWIFT_STANDARD_LIBRARIES = YES;
				BUNDLE_LOADER = "$(TEST_HOST)";
				CODE_SIGN_STYLE = Automatic;
				CURRENT_PROJECT_VERSION = 1;
				GENERATE_INFOPLIST_FILE = YES;
				IPHONEOS_DEPLOYMENT_TARGET = 17.5;
				MACOSX_DEPLOYMENT_TARGET = 14.5;
				MARKETING_VERSION = 1.0;
				PRODUCT_BUNDLE_IDENTIFIER = "caiatech.git-forensics-apple-multiplatformTests";
				PRODUCT_NAME = "$(TARGET_NAME)";
				SDKROOT = auto;
				SUPPORTED_PLATFORMS = "iphoneos iphonesimulator macosx";
				SWIFT_EMIT_LOC_STRINGS = NO;
				SWIFT_VERSION = 5.0;
				TARGETED_DEVICE_FAMILY = "1,2";
				TEST_HOST = "$(BUILT_PRODUCTS_DIR)/git-forensics-apple-multiplatform.app/$(BUNDLE_EXECUTABLE_FOLDER_PATH)/git-forensics-apple-multiplatform";
			};
			name = Debug;
		};
		EB787B352E306B740069BA72 /* Release */ = {
			isa = XCBuildConfiguration;
			buildSettings = {
				ALWAYS_EMBED_SWIFT_STANDARD_LIBRARIES = YES;
				BUNDLE_LOADER = "$(TEST_HOST)";
				CODE_SIGN_STYLE = Automatic;
				CURRENT_PROJECT_VERSION = 1;
				GENERATE_INFOPLIST_FILE = YES;
				IPHONEOS_DEPLOYMENT_TARGET = 17.5;
				MACOSX_DEPLOYMENT_TARGET = 14.5;
				MARKETING_VERSION = 1.0;
				PRODUCT_BUNDLE_IDENTIFIER = "caiatech.git-forensics-apple-multiplatformTests";
				PRODUCT_NAME = "$(TARGET_NAME)";
				SDKROOT = auto;
				SUPPORTED_PLATFORMS = "iphoneos iphonesimulator macosx";
				SWIFT_EMIT_LOC_STRINGS = NO;
				SWIFT_VERSION = 5.0;
				TARGETED_DEVICE_FAMILY = "1,2";
				TEST_HOST = "$(BUILT_PRODUCTS_DIR)/git-forensics-apple-multiplatform.app/$(BUNDLE_EXECUTABLE_FOLDER_PATH)/git-forensics-apple-multiplatform";
			};
			name = Release;
		};
		EB787B372E306B740069BA72 /* Debug */ = {
			isa = XCBuildConfiguration;
			buildSettings = {
				ALWAYS_EMBED_SWIFT_STANDARD_LIBRARIES = YES;
				CODE_SIGN_STYLE = Automatic;
				CURRENT_PROJECT_VERSION = 1;
				GENERATE_INFOPLIST_FILE = YES;
				IPHONEOS_DEPLOYMENT_TARGET = 17.5;
				MACOSX_DEPLOYMENT_TARGET = 14.5;
				MARKETING_VERSION = 1.0;
				PRODUCT_BUNDLE_IDENTIFIER = "caiatech.git-forensics-apple-multiplatformUITests";
				PRODUCT_NAME = "$(TARGET_NAME)";
				SDKROOT = auto;
				SUPPORTED_PLATFORMS = "iphoneos iphonesimulator macosx";
				SWIFT_EMIT_LOC_STRINGS = NO;
				SWIFT_VERSION = 5.0;
				TARGETED_DEVICE_FAMILY = "1,2";
				TEST_TARGET_NAME = "git-forensics-apple-multiplatform";
			};
			name = Debug;
		};
		EB787B382E306B740069BA72 /* Release */ = {
			isa = XCBuildConfiguration;
			buildSettings = {
				ALWAYS_EMBED_SWIFT_STANDARD_LIBRARIES = YES;
				CODE_SIGN_STYLE = Automatic;
				CURRENT_PROJECT_VERSION = 1;
				GENERATE_INFOPLIST_FILE = YES;
				IPHONEOS_DEPLOYMENT_TARGET = 17.5;
				MACOSX_DEPLOYMENT_TARGET = 14.5;
				MARKETING_VERSION = 1.0;
				PRODUCT_BUNDLE_IDENTIFIER = "caiatech.git-forensics-apple-multiplatformUITests";
				PRODUCT_NAME = "$(TARGET_NAME)";
				SDKROOT = auto;
				SUPPORTED_PLATFORMS = "iphoneos iphonesimulator macosx";
				SWIFT_EMIT_LOC_STRINGS = NO;
				SWIFT_VERSION = 5.0;
				TARGETED_DEVICE_FAMILY = "1,2";
				TEST_TARGET_NAME = "git-forensics-apple-multiplatform";
			};
			name = Release;
		};
/* End XCBuildConfiguration section */

/* Begin XCConfigurationList section */
		EB787B062E306B730069BA72 /* Build configuration list for PBXProject "git-forensics-apple-multiplatform" */ = {
			isa = XCConfigurationList;
			buildConfigurations = (
				EB787B2E2E306B740069BA72 /* Debug */,
				EB787B2F2E306B740069BA72 /* Release */,
			);
			defaultConfigurationIsVisible = 0;
			defaultConfigurationName = Release;
		};
		EB787B302E306B740069BA72 /* Build configuration list for PBXNativeTarget "git-forensics-apple-multiplatform" */ = {
			isa = XCConfigurationList;
			buildConfigurations = (
				EB787B312E306B740069BA72 /* Debug */,
				EB787B322E306B740069BA72 /* Release */,
			);
			defaultConfigurationIsVisible = 0;
			defaultConfigurationName = Release;
		};
		EB787B332E306B740069BA72 /* Build configuration list for PBXNativeTarget "git-forensics-apple-multiplatformTests" */ = {
			isa = XCConfigurationList;
			buildConfigurations = (
				EB787B342E306B740069BA72 /* Debug */,
				EB787B352E306B740069BA72 /* Release */,
			);
			defaultConfigurationIsVisible = 0;
			defaultConfigurationName = Release;
		};
		EB787B362E306B740069BA72 /* Build configuration list for PBXNativeTarget "git-forensics-apple-multiplatformUITests" */ = {
			isa = XCConfigurationList;
			buildConfigurations = (
				EB787B372E306B740069BA72 /* Debug */,
				EB787B382E306B740069BA72 /* Release */,
			);
			defaultConfigurationIsVisible = 0;
			defaultConfigurationName = Release;
		};
/* End XCConfigurationList section */
	};
	rootObject = EB787B032E306B730069BA72 /* Project object */;
}
